PODS:
  - pop (1.0.9)
  - SDWebImage (3.7.6):
    - SDWebImage/Core (= 3.7.6)
  - SDWebImage/Core (3.7.6)
  - SnapKit (3.0.2)

DEPENDENCIES:
  - pop
  - SDWebImage
  - SnapKit (~> 3.0.0)

SPEC CHECKSUMS:
  pop: f667631a5108a2e60d9e8797c9b32ddaf2080bce
  SDWebImage: c325cf02c30337336b95beff20a13df489ec0ec9
  SnapKit: 2e456761aa92d4d4067a7a5594c18769d451a8ad

PODFILE CHECKSUM: a224ac731879c4aa6c1bc1e067ea001fc43b4a97

COCOAPODS: 1.2.1
